{
  "version": 4,
  "terraform_version": "1.5.7",
  "serial": 2,
  "lineage": "dc499fea-8541-7093-655d-7fcc5d3f9e44",
  "outputs": {},
  "resources": [
    {
      "mode": "managed",
      "type": "github_repository",
      "name": "repo",
      "provider": "provider[\"registry.terraform.io/integrations/github\"]",
      "instances": [
        {
          "schema_version": 1,
          "attributes": {
            "allow_auto_merge": false,
            "allow_forking": true,
            "allow_merge_commit": true,
            "allow_rebase_merge": true,
            "allow_squash_merge": true,
            "allow_update_branch": false,
            "archive_on_destroy": null,
            "archived": false,
            "auto_init": false,
            "default_branch": "main",
            "delete_branch_on_merge": false,
            "description": "MCP server that gives AI agents (Claude Code, Cursor, Windsurf) real interactive terminal sessions — REPLs, SSH, databases, Docker, and any interactive CLI with clean output and smart completion detection",
            "etag": "W/\"62336faec78f9c60ddbfdc37687a6575ea9bedcdc0eba5b2e2417207bbc80169\"",
            "fork": "true",
            "full_name": "horsenuggets/mcp-interactive-terminal",
            "git_clone_url": "git://github.com/horsenuggets/mcp-interactive-terminal.git",
            "gitignore_template": null,
            "has_discussions": false,
            "has_downloads": true,
            "has_issues": false,
            "has_projects": true,
            "has_wiki": true,
            "homepage_url": "",
            "html_url": "https://github.com/horsenuggets/mcp-interactive-terminal",
            "http_clone_url": "https://github.com/horsenuggets/mcp-interactive-terminal.git",
            "id": "mcp-interactive-terminal",
            "ignore_vulnerability_alerts_during_read": null,
            "is_template": false,
            "license_template": null,
            "merge_commit_message": "PR_TITLE",
            "merge_commit_title": "MERGE_MESSAGE",
            "name": "mcp-interactive-terminal",
            "node_id": "R_kgDOR7wMDw",
            "pages": [],
            "primary_language": "TypeScript",
            "private": false,
            "repo_id": 1203506191,
            "security_and_analysis": [
              {
                "advanced_security": [],
                "code_security": [],
                "secret_scanning": [
                  {
                    "status": "enabled"
                  }
                ],
                "secret_scanning_ai_detection": [],
                "secret_scanning_non_provider_patterns": [],
                "secret_scanning_push_protection": [
                  {
                    "status": "enabled"
                  }
                ]
              }
            ],
            "source_owner": "amol21p",
            "source_repo": "mcp-interactive-terminal",
            "squash_merge_commit_message": "COMMIT_MESSAGES",
            "squash_merge_commit_title": "COMMIT_OR_PR_TITLE",
            "ssh_clone_url": "git@github.com:horsenuggets/mcp-interactive-terminal.git",
            "svn_url": "https://github.com/horsenuggets/mcp-interactive-terminal",
            "template": [],
            "topics": [],
            "visibility": "public",
            "vulnerability_alerts": false,
            "web_commit_signoff_required": false
          },
          "sensitive_attributes": [],
          "private": "eyJzY2hlbWFfdmVyc2lvbiI6IjEifQ=="
        }
      ]
    }
  ],
  "check_results": null
}
